Microsoft Visual Studio Solution File, Format Version 12.00
# Visual Studio Version 17
VisualStudioVersion = 17.5.2.0
MinimumVisualStudioVersion = 10.0.40219.1
Project("{FAE04EC0-301F-11D3-BF4B-00C04F79EFBC}") = "SwiftMt103.Api", "SwiftMt103.Api\SwiftMt103.Api.csproj", "{69DF5A21-F9DA-0BE5-A84A-7E906E15AF6A}"
EndProject
Global
	GlobalSection(SolutionConfigurationPlatforms) = preSolution
		Debug|Any CPU = Debug|Any CPU
		Release|Any CPU = Release|Any CPU
	EndGlobalSection
	GlobalSection(ProjectConfigurationPlatforms) = postSolution
		{69DF5A21-F9DA-0BE5-A84A-7E906E15AF6A}.Debug|Any CPU.ActiveCfg = Debug|Any CPU
		{69DF5A21-F9DA-0BE5-A84A-7E906E15AF6A}.Debug|Any CPU.Build.0 = Debug|Any CPU
		{69DF5A21-F9DA-0BE5-A84A-7E906E15AF6A}.Release|Any CPU.ActiveCfg = Release|Any CPU
		{69DF5A21-F9DA-0BE5-A84A-7E906E15AF6A}.Release|Any CPU.Build.0 = Release|Any CPU
	EndGlobalSection
	GlobalSection(SolutionProperties) = preSolution
		HideSolutionNode = FALSE
	EndGlobalSection
	GlobalSection(ExtensibilityGlobals) = postSolution
		SolutionGuid = {6147AC6E-7F6D-435B-A065-73D6E0173048}
	EndGlobalSection
EndGlobal
